
Microsoft Visual Studio Solution File, Format Version 12.00
# Visual Studio 15
VisualStudioVersion = 15.0.28010.2003
MinimumVisualStudioVersion = 10.0.40219.1
Project("{9A19103F-16F7-4668-BE54-9A1E7A4F7556}") = "TibiaAPI", "TibiaAPI\TibiaAPI.csproj", "{FEDE2A7B-8203-443E-9CF7-97A562AABB92}"
EndProject
Project("{2150E333-8FDC-42A3-9474-1A3956D46DE8}") = "Apps", "Apps", "{C086BFA7-CE77-4DDF-9474-C65709DBA8A8}"
EndProject
Project("{FAE04EC0-301F-11D3-BF4B-00C04F79EFBC}") = "Extract", "Apps\Extract\Extract.csproj", "{EE3A6146-B1A6-44F0-9C5D-CBD5D44CEF83}"
EndProject
Project("{FAE04EC0-301F-11D3-BF4B-00C04F79EFBC}") = "Record", "Apps\Record\Record.csproj", "{75DB22C7-8FE1-4BF6-8778-AE67B236DFED}"
EndProject
Project("{FAE04EC0-301F-11D3-BF4B-00C04F79EFBC}") = "Watch", "Apps\Watch\Watch.csproj", "{D9E8B07D-C3D8-431D-8E1C-B52EE2AF49C9}"
EndProject
Project("{FAE04EC0-301F-11D3-BF4B-00C04F79EFBC}") = "Redact", "Apps\Redact\Redact.csproj", "{F9D5BF93-D832-4AA0-9B1E-2FAE3E5235A2}"
EndProject
Global
	GlobalSection(SolutionConfigurationPlatforms) = preSolution
		Debug|Any CPU = Debug|Any CPU
		Release|Any CPU = Release|Any CPU
	EndGlobalSection
	GlobalSection(ProjectConfigurationPlatforms) = postSolution
		{FEDE2A7B-8203-443E-9CF7-97A562AABB92}.Debug|Any CPU.ActiveCfg = Debug|Any CPU
		{FEDE2A7B-8203-443E-9CF7-97A562AABB92}.Debug|Any CPU.Build.0 = Debug|Any CPU
		{FEDE2A7B-8203-443E-9CF7-97A562AABB92}.Release|Any CPU.ActiveCfg = Release|Any CPU
		{FEDE2A7B-8203-443E-9CF7-97A562AABB92}.Release|Any CPU.Build.0 = Release|Any CPU
		{EE3A6146-B1A6-44F0-9C5D-CBD5D44CEF83}.Debug|Any CPU.ActiveCfg = Debug|Any CPU
		{EE3A6146-B1A6-44F0-9C5D-CBD5D44CEF83}.Debug|Any CPU.Build.0 = Debug|Any CPU
		{EE3A6146-B1A6-44F0-9C5D-CBD5D44CEF83}.Release|Any CPU.ActiveCfg = Release|Any CPU
		{EE3A6146-B1A6-44F0-9C5D-CBD5D44CEF83}.Release|Any CPU.Build.0 = Release|Any CPU
		{75DB22C7-8FE1-4BF6-8778-AE67B236DFED}.Debug|Any CPU.ActiveCfg = Debug|Any CPU
		{75DB22C7-8FE1-4BF6-8778-AE67B236DFED}.Debug|Any CPU.Build.0 = Debug|Any CPU
		{75DB22C7-8FE1-4BF6-8778-AE67B236DFED}.Release|Any CPU.ActiveCfg = Release|Any CPU
		{75DB22C7-8FE1-4BF6-8778-AE67B236DFED}.Release|Any CPU.Build.0 = Release|Any CPU
		{D9E8B07D-C3D8-431D-8E1C-B52EE2AF49C9}.Debug|Any CPU.ActiveCfg = Debug|Any CPU
		{D9E8B07D-C3D8-431D-8E1C-B52EE2AF49C9}.Debug|Any CPU.Build.0 = Debug|Any CPU
		{D9E8B07D-C3D8-431D-8E1C-B52EE2AF49C9}.Release|Any CPU.ActiveCfg = Release|Any CPU
		{D9E8B07D-C3D8-431D-8E1C-B52EE2AF49C9}.Release|Any CPU.Build.0 = Release|Any CPU
		{F9D5BF93-D832-4AA0-9B1E-2FAE3E5235A2}.Debug|Any CPU.ActiveCfg = Debug|Any CPU
		{F9D5BF93-D832-4AA0-9B1E-2FAE3E5235A2}.Debug|Any CPU.Build.0 = Debug|Any CPU
		{F9D5BF93-D832-4AA0-9B1E-2FAE3E5235A2}.Release|Any CPU.ActiveCfg = Release|Any CPU
		{F9D5BF93-D832-4AA0-9B1E-2FAE3E5235A2}.Release|Any CPU.Build.0 = Release|Any CPU
	EndGlobalSection
	GlobalSection(SolutionProperties) = preSolution
		HideSolutionNode = FALSE
	EndGlobalSection
	GlobalSection(NestedProjects) = preSolution
		{EE3A6146-B1A6-44F0-9C5D-CBD5D44CEF83} = {C086BFA7-CE77-4DDF-9474-C65709DBA8A8}
		{75DB22C7-8FE1-4BF6-8778-AE67B236DFED} = {C086BFA7-CE77-4DDF-9474-C65709DBA8A8}
		{D9E8B07D-C3D8-431D-8E1C-B52EE2AF49C9} = {C086BFA7-CE77-4DDF-9474-C65709DBA8A8}
		{F9D5BF93-D832-4AA0-9B1E-2FAE3E5235A2} = {C086BFA7-CE77-4DDF-9474-C65709DBA8A8}
	EndGlobalSection
	GlobalSection(ExtensibilityGlobals) = postSolution
		SolutionGuid = {779085CF-5BE0-48BA-A204-511A8914A67C}
	EndGlobalSection
	GlobalSection(MonoDevelopProperties) = preSolution
		version = 0.1.3
	EndGlobalSection
EndGlobal
