
Microsoft Visual Studio Solution File, Format Version 12.00
# Visual Studio 15
VisualStudioVersion = 15.0.28010.2003
MinimumVisualStudioVersion = 10.0.40219.1
Project("{FAE04EC0-301F-11D3-BF4B-00C04F79EFBC}") = "TibiaAPI", "TibiaAPI\TibiaAPI.csproj", "{FEDE2A7B-8203-443E-9CF7-97A562AABB92}"
EndProject
Global
	GlobalSection(SolutionConfigurationPlatforms) = preSolution
		Debug|Any CPU = Debug|Any CPU
		Release|Any CPU = Release|Any CPU
	EndGlobalSection
	GlobalSection(ProjectConfigurationPlatforms) = postSolution
		{FEDE2A7B-8203-443E-9CF7-97A562AABB92}.Debug|Any CPU.ActiveCfg = Debug|Any CPU
		{FEDE2A7B-8203-443E-9CF7-97A562AABB92}.Debug|Any CPU.Build.0 = Debug|Any CPU
		{FEDE2A7B-8203-443E-9CF7-97A562AABB92}.Release|Any CPU.ActiveCfg = Release|Any CPU
		{FEDE2A7B-8203-443E-9CF7-97A562AABB92}.Release|Any CPU.Build.0 = Release|Any CPU
	EndGlobalSection
	GlobalSection(SolutionProperties) = preSolution
		HideSolutionNode = FALSE
	EndGlobalSection
	GlobalSection(ExtensibilityGlobals) = postSolution
		SolutionGuid = {779085CF-5BE0-48BA-A204-511A8914A67C}
	EndGlobalSection
EndGlobal
